
Microsoft Visual Studio Solution File, Format Version 12.00
# Visual Studio 15
VisualStudioVersion = 15.0.28010.2026
MinimumVisualStudioVersion = 10.0.40219.1
Project("{FAE04EC0-301F-11D3-BF4B-00C04F79EFBC}") = "minigame-breakout", "minigame-breakout\minigame-breakout.csproj", "{281722B0-7310-4B40-A0EB-256EBF0C4065}"
EndProject
Global
	GlobalSection(SolutionConfigurationPlatforms) = preSolution
		Debug|Any CPU = Debug|Any CPU
		Release|Any CPU = Release|Any CPU
	EndGlobalSection
	GlobalSection(ProjectConfigurationPlatforms) = postSolution
		{281722B0-7310-4B40-A0EB-256EBF0C4065}.Debug|Any CPU.ActiveCfg = Debug|Any CPU
		{281722B0-7310-4B40-A0EB-256EBF0C4065}.Debug|Any CPU.Build.0 = Debug|Any CPU
		{281722B0-7310-4B40-A0EB-256EBF0C4065}.Release|Any CPU.ActiveCfg = Release|Any CPU
		{281722B0-7310-4B40-A0EB-256EBF0C4065}.Release|Any CPU.Build.0 = Release|Any CPU
	EndGlobalSection
	GlobalSection(SolutionProperties) = preSolution
		HideSolutionNode = FALSE
	EndGlobalSection
	GlobalSection(ExtensibilityGlobals) = postSolution
		SolutionGuid = {D4F9CD80-D9DA-42DF-A132-2D49D87FEE66}
	EndGlobalSection
EndGlobal
